<?xml version="1.0" encoding="utf-8"?>
<Project ToolsVersion="4.0" xmlns="http://schemas.microsoft.com/developer/msbuild/2003">
  <ItemGroup>
    <Filter Include="소스 파일">
      <UniqueIdentifier>{4FC737F1-C7A5-4376-A066-2A32D752A2FF}</UniqueIdentifier>
      <Extensions>cpp;c;cc;cxx;def;odl;idl;hpj;bat;asm;asmx</Extensions>
    </Filter>
    <Filter Include="헤더 파일">
      <UniqueIdentifier>{93995380-89BD-4b04-88EB-625FBE52EBFB}</UniqueIdentifier>
      <Extensions>h;hh;hpp;hxx;hm;inl;inc;xsd</Extensions>
    </Filter>
    <Filter Include="리소스 파일">
      <UniqueIdentifier>{67DA6AB6-F800-4c08-8B7A-83BB121AAD01}</UniqueIdentifier>
      <Extensions>rc;ico;cur;bmp;dlg;rc2;rct;bin;rgs;gif;jpg;jpeg;jpe;resx;tiff;tif;png;wav;mfcribbon-ms</Extensions>
    </Filter>
    <Filter Include="common">
      <UniqueIdentifier>{eeaf0d0b-f222-4407-aebf-2d8c0339fe7f}</UniqueIdentifier>
    </Filter>
    <Filter Include="source">
      <UniqueIdentifier>{1ae8a7fd-569c-42f3-b2db-d532e22561da}</UniqueIdentifier>
    </Filter>
    <Filter Include="display">
      <UniqueIdentifier>{26f3fe9f-9fbc-4e38-a28c-9af85f573a8d}</UniqueIdentifier>
    </Filter>
  </ItemGroup>
  <ItemGroup>
    <Text Include="ReadMe.txt" />
  </ItemGroup>
  <ItemGroup>
    <ClInclude Include="stdafx.h">
      <Filter>헤더 파일</Filter>
    </ClInclude>
    <ClInclude Include="targetver.h">
      <Filter>헤더 파일</Filter>
    </ClInclude>
    <ClInclude Include="Resource.h">
      <Filter>헤더 파일</Filter>
    </ClInclude>
    <ClInclude Include="..\common\Client.h">
      <Filter>common</Filter>
    </ClInclude>
    <ClInclude Include="..\common\ClientInterface.h">
      <Filter>common</Filter>
    </ClInclude>
    <ClInclude Include="..\common\ClientMan.h">
      <Filter>common</Filter>
    </ClInclude>
    <ClInclude Include="..\common\CommonFunc.h">
      <Filter>common</Filter>
    </ClInclude>
    <ClInclude Include="..\common\CommonProtocol.h">
      <Filter>common</Filter>
    </ClInclude>
    <ClInclude Include="..\common\CommonState.h">
      <Filter>common</Filter>
    </ClInclude>
    <ClInclude Include="..\common\CriticalSectionEx.h">
      <Filter>common</Filter>
    </ClInclude>
    <ClInclude Include="..\common\EncDec.h">
      <Filter>common</Filter>
    </ClInclude>
    <ClInclude Include="..\common\Log.h">
      <Filter>common</Filter>
    </ClInclude>
    <ClInclude Include="..\common\MiniDump.h">
      <Filter>common</Filter>
    </ClInclude>
    <ClInclude Include="..\common\MinidumpHelp.h">
      <Filter>common</Filter>
    </ClInclude>
    <ClInclude Include="..\common\Network.h">
      <Filter>common</Filter>
    </ClInclude>
    <ClInclude Include="..\common\ReadWriteState.h">
      <Filter>common</Filter>
    </ClInclude>
    <ClInclude Include="..\common\TSingleton.h">
      <Filter>common</Filter>
    </ClInclude>
    <ClInclude Include="..\common\CommonDisplay.h">
      <Filter>common</Filter>
    </ClInclude>
    <ClInclude Include="..\common\UserManager.h">
      <Filter>source</Filter>
    </ClInclude>
    <ClInclude Include="LoginDlg.h">
      <Filter>헤더 파일</Filter>
    </ClInclude>
    <ClInclude Include="MessagePopup.h">
      <Filter>source</Filter>
    </ClInclude>
    <ClInclude Include="ImageBtn.h">
      <Filter>display</Filter>
    </ClInclude>
    <ClInclude Include="..\display\Global.h">
      <Filter>display</Filter>
    </ClInclude>
    <ClInclude Include="..\display\MemDC.h">
      <Filter>display</Filter>
    </ClInclude>
    <ClInclude Include="..\display\SkinButton.h">
      <Filter>display</Filter>
    </ClInclude>
    <ClInclude Include="..\display\SkinDialog.h">
      <Filter>display</Filter>
    </ClInclude>
    <ClInclude Include="..\display\XComboBox.h">
      <Filter>display</Filter>
    </ClInclude>
    <ClInclude Include="..\display\XDateBox.h">
      <Filter>display</Filter>
    </ClInclude>
    <ClInclude Include="..\display\XEditBox.h">
      <Filter>display</Filter>
    </ClInclude>
    <ClInclude Include="..\display\XHeaderCtrl.h">
      <Filter>display</Filter>
    </ClInclude>
    <ClInclude Include="..\display\XListCtrl.h">
      <Filter>display</Filter>
    </ClInclude>
    <ClInclude Include="..\display\XSpinBox.h">
      <Filter>display</Filter>
    </ClInclude>
    <ClInclude Include="SLP30_Manager.h">
      <Filter>헤더 파일</Filter>
    </ClInclude>
    <ClInclude Include="SLP30_ManagerDlg.h">
      <Filter>헤더 파일</Filter>
    </ClInclude>
    <ClInclude Include="USBDriveManger.h">
      <Filter>common</Filter>
    </ClInclude>
    <ClInclude Include="KISA_SEED_CBC.h">
      <Filter>common</Filter>
    </ClInclude>
    <ClInclude Include="CheckTextBtn.h">
      <Filter>display</Filter>
    </ClInclude>
    <ClInclude Include="ImageCheckBtn.h">
      <Filter>display</Filter>
    </ClInclude>
    <ClInclude Include="SecurityUsbDlg.h">
      <Filter>헤더 파일</Filter>
    </ClInclude>
    <ClInclude Include="..\display\CustomComboBox.h">
      <Filter>display</Filter>
    </ClInclude>
    <ClInclude Include="..\common\PositionManager.h">
      <Filter>common</Filter>
    </ClInclude>
    <ClInclude Include="CommonProtocol.h">
      <Filter>common</Filter>
    </ClInclude>
    <ClInclude Include="SharedMemoryManager.h">
      <Filter>common</Filter>
    </ClInclude>
    <ClInclude Include="CreateProcessReturnValue.h">
      <Filter>common</Filter>
    </ClInclude>
  </ItemGroup>
  <ItemGroup>
    <ClCompile Include="stdafx.cpp">
      <Filter>소스 파일</Filter>
    </ClCompile>
    <ClCompile Include="..\common\Client.cpp">
      <Filter>common</Filter>
    </ClCompile>
    <ClCompile Include="..\common\Client_Process.cpp">
      <Filter>common</Filter>
    </ClCompile>
    <ClCompile Include="..\common\ClientInterface.cpp">
      <Filter>common</Filter>
    </ClCompile>
    <ClCompile Include="..\common\ClientMan.cpp">
      <Filter>common</Filter>
    </ClCompile>
    <ClCompile Include="..\common\CommonFunc.cpp">
      <Filter>common</Filter>
    </ClCompile>
    <ClCompile Include="..\common\CommonState.cpp">
      <Filter>common</Filter>
    </ClCompile>
    <ClCompile Include="..\common\EncDec.cpp">
      <Filter>common</Filter>
    </ClCompile>
    <ClCompile Include="..\common\Log.cpp">
      <Filter>common</Filter>
    </ClCompile>
    <ClCompile Include="..\common\MiniDump.cpp">
      <Filter>common</Filter>
    </ClCompile>
    <ClCompile Include="..\common\MinidumpHelp.cpp">
      <Filter>common</Filter>
    </ClCompile>
    <ClCompile Include="..\common\Network.cpp">
      <Filter>common</Filter>
    </ClCompile>
    <ClCompile Include="..\common\ReadWriteState.cpp">
      <Filter>common</Filter>
    </ClCompile>
    <ClCompile Include="..\common\CommonDisplay.cpp">
      <Filter>common</Filter>
    </ClCompile>
    <ClCompile Include="..\common\UserManager.cpp">
      <Filter>source</Filter>
    </ClCompile>
    <ClCompile Include="LoginDlg.cpp">
      <Filter>소스 파일</Filter>
    </ClCompile>
    <ClCompile Include="MessagePopup.cpp">
      <Filter>source</Filter>
    </ClCompile>
    <ClCompile Include="ImageBtn.cpp">
      <Filter>display</Filter>
    </ClCompile>
    <ClCompile Include="..\display\Global.cpp">
      <Filter>display</Filter>
    </ClCompile>
    <ClCompile Include="..\display\SkinButton.cpp">
      <Filter>display</Filter>
    </ClCompile>
    <ClCompile Include="..\display\SkinDialog.cpp">
      <Filter>display</Filter>
    </ClCompile>
    <ClCompile Include="..\display\XComboBox.cpp">
      <Filter>display</Filter>
    </ClCompile>
    <ClCompile Include="..\display\XDateBox.cpp">
      <Filter>display</Filter>
    </ClCompile>
    <ClCompile Include="..\display\XEditBox.cpp">
      <Filter>display</Filter>
    </ClCompile>
    <ClCompile Include="..\display\XHeaderCtrl.cpp">
      <Filter>display</Filter>
    </ClCompile>
    <ClCompile Include="..\display\XListCtrl.cpp">
      <Filter>display</Filter>
    </ClCompile>
    <ClCompile Include="..\display\XSpinBox.cpp">
      <Filter>display</Filter>
    </ClCompile>
    <ClCompile Include="SLP30_Manager.cpp">
      <Filter>소스 파일</Filter>
    </ClCompile>
    <ClCompile Include="SLP30_ManagerDlg.cpp">
      <Filter>소스 파일</Filter>
    </ClCompile>
    <ClCompile Include="USBDriveManger.cpp">
      <Filter>common</Filter>
    </ClCompile>
    <ClCompile Include="KISA_SEED_CBC.cpp">
      <Filter>common</Filter>
    </ClCompile>
    <ClCompile Include="CheckTextBtn.cpp">
      <Filter>display</Filter>
    </ClCompile>
    <ClCompile Include="ImageCheckBtn.cpp">
      <Filter>display</Filter>
    </ClCompile>
    <ClCompile Include="SecurityUsbDlg.cpp">
      <Filter>소스 파일</Filter>
    </ClCompile>
    <ClCompile Include="..\display\CustomComboBox.cpp">
      <Filter>display</Filter>
    </ClCompile>
    <ClCompile Include="..\common\PositionManager.cpp">
      <Filter>common</Filter>
    </ClCompile>
    <ClCompile Include="SharedMemoryManager.cpp">
      <Filter>common</Filter>
    </ClCompile>
    <ClCompile Include="CreateProcessReturnValue.cpp">
      <Filter>common</Filter>
    </ClCompile>
  </ItemGroup>
  <ItemGroup>
    <ResourceCompile Include="SLP30_Manager.rc">
      <Filter>리소스 파일</Filter>
    </ResourceCompile>
  </ItemGroup>
  <ItemGroup>
    <None Include="res\SLP30_Manager.rc2">
      <Filter>리소스 파일</Filter>
    </None>
  </ItemGroup>
  <ItemGroup>
    <Image Include="res\bg.bmp">
      <Filter>리소스 파일</Filter>
    </Image>
    <Image Include="res\bt_add.bmp">
      <Filter>리소스 파일</Filter>
    </Image>
    <Image Include="res\bt_add_push.bmp">
      <Filter>리소스 파일</Filter>
    </Image>
    <Image Include="res\bt_del.bmp">
      <Filter>리소스 파일</Filter>
    </Image>
    <Image Include="res\bt_del_dis.bmp">
      <Filter>리소스 파일</Filter>
    </Image>
    <Image Include="res\bt_del_push.bmp">
      <Filter>리소스 파일</Filter>
    </Image>
    <Image Include="res\bt_mod.bmp">
      <Filter>리소스 파일</Filter>
    </Image>
    <Image Include="res\bt_mod_dis.bmp">
      <Filter>리소스 파일</Filter>
    </Image>
    <Image Include="res\bt_mod_push.bmp">
      <Filter>리소스 파일</Filter>
    </Image>
    <Image Include="res\close_bt.bmp">
      <Filter>리소스 파일</Filter>
    </Image>
    <Image Include="res\max_bt.bmp">
      <Filter>리소스 파일</Filter>
    </Image>
    <Image Include="res\login.png">
      <Filter>리소스 파일</Filter>
    </Image>
    <Image Include="res\login_bg.png">
      <Filter>리소스 파일</Filter>
    </Image>
    <Image Include="res\cancel.bmp">
      <Filter>리소스 파일</Filter>
    </Image>
    <Image Include="res\confirm.bmp">
      <Filter>리소스 파일</Filter>
    </Image>
    <Image Include="res\find.bmp">
      <Filter>리소스 파일</Filter>
    </Image>
    <Image Include="res\msg_bg.png">
      <Filter>리소스 파일</Filter>
    </Image>
    <Image Include="res\SLP30_Manager.ico">
      <Filter>리소스 파일</Filter>
    </Image>
    <Image Include="res\checkbtn.bmp">
      <Filter>리소스 파일</Filter>
    </Image>
    <Image Include="res\usbbg.png">
      <Filter>리소스 파일</Filter>
    </Image>
    <Image Include="res\downbtn.bmp">
      <Filter>리소스 파일</Filter>
    </Image>
  </ItemGroup>
</Project>