
Microsoft Visual Studio Solution File, Format Version 12.00
# Visual Studio 14
VisualStudioVersion = 14.0.25420.1
MinimumVisualStudioVersion = 10.0.40219.1
Project("{8BC9CEB8-8B4A-11D0-8D11-00A0C91BC942}") = "SLP30", "SLP30\SLP30.vcxproj", "{08D102C2-0485-4214-BEC2-C87DD9DB4E39}"
EndProject
Project("{8BC9CEB8-8B4A-11D0-8D11-00A0C91BC942}") = "SLP30_Manager", "SLP30_Manager\SLP30_Manager.vcxproj", "{C2028AAE-85B1-44BF-A359-D051A6C1E677}"
EndProject
Project("{8BC9CEB8-8B4A-11D0-8D11-00A0C91BC942}") = "SLP30_MCS", "SLP30_MCS\SLP30_MCS.vcxproj", "{14ADDCD3-28E2-47E4-811A-93E0365766F8}"
EndProject
Project("{8BC9CEB8-8B4A-11D0-8D11-00A0C91BC942}") = "WebDavClient", "WebDavClient\WebDavClient.vcxproj", "{0830E337-FE46-4774-8A07-A9A857E86B55}"
EndProject
Global
	GlobalSection(SolutionConfigurationPlatforms) = preSolution
		Debug_ENG|x64 = Debug_ENG|x64
		Debug_ENG|x86 = Debug_ENG|x86
		Debug|x64 = Debug|x64
		Debug|x86 = Debug|x86
		Release_ENG|x64 = Release_ENG|x64
		Release_ENG|x86 = Release_ENG|x86
		Release|x64 = Release|x64
		Release|x86 = Release|x86
	EndGlobalSection
	GlobalSection(ProjectConfigurationPlatforms) = postSolution
		{08D102C2-0485-4214-BEC2-C87DD9DB4E39}.Debug_ENG|x64.ActiveCfg = Debug_ENG|x64
		{08D102C2-0485-4214-BEC2-C87DD9DB4E39}.Debug_ENG|x64.Build.0 = Debug_ENG|x64
		{08D102C2-0485-4214-BEC2-C87DD9DB4E39}.Debug_ENG|x86.ActiveCfg = Debug_ENG|Win32
		{08D102C2-0485-4214-BEC2-C87DD9DB4E39}.Debug_ENG|x86.Build.0 = Debug_ENG|Win32
		{08D102C2-0485-4214-BEC2-C87DD9DB4E39}.Debug|x64.ActiveCfg = Debug|x64
		{08D102C2-0485-4214-BEC2-C87DD9DB4E39}.Debug|x64.Build.0 = Debug|x64
		{08D102C2-0485-4214-BEC2-C87DD9DB4E39}.Debug|x86.ActiveCfg = Debug|Win32
		{08D102C2-0485-4214-BEC2-C87DD9DB4E39}.Debug|x86.Build.0 = Debug|Win32
		{08D102C2-0485-4214-BEC2-C87DD9DB4E39}.Release_ENG|x64.ActiveCfg = Release_ENG|x64
		{08D102C2-0485-4214-BEC2-C87DD9DB4E39}.Release_ENG|x64.Build.0 = Release_ENG|x64
		{08D102C2-0485-4214-BEC2-C87DD9DB4E39}.Release_ENG|x86.ActiveCfg = Release_ENG|Win32
		{08D102C2-0485-4214-BEC2-C87DD9DB4E39}.Release_ENG|x86.Build.0 = Release_ENG|Win32
		{08D102C2-0485-4214-BEC2-C87DD9DB4E39}.Release|x64.ActiveCfg = Release|x64
		{08D102C2-0485-4214-BEC2-C87DD9DB4E39}.Release|x64.Build.0 = Release|x64
		{08D102C2-0485-4214-BEC2-C87DD9DB4E39}.Release|x86.ActiveCfg = Release|Win32
		{08D102C2-0485-4214-BEC2-C87DD9DB4E39}.Release|x86.Build.0 = Release|Win32
		{C2028AAE-85B1-44BF-A359-D051A6C1E677}.Debug_ENG|x64.ActiveCfg = Debug_ENG|Win32
		{C2028AAE-85B1-44BF-A359-D051A6C1E677}.Debug_ENG|x64.Build.0 = Debug_ENG|Win32
		{C2028AAE-85B1-44BF-A359-D051A6C1E677}.Debug_ENG|x86.ActiveCfg = Debug_ENG|Win32
		{C2028AAE-85B1-44BF-A359-D051A6C1E677}.Debug_ENG|x86.Build.0 = Debug_ENG|Win32
		{C2028AAE-85B1-44BF-A359-D051A6C1E677}.Debug|x64.ActiveCfg = Debug|Win32
		{C2028AAE-85B1-44BF-A359-D051A6C1E677}.Debug|x64.Build.0 = Debug|Win32
		{C2028AAE-85B1-44BF-A359-D051A6C1E677}.Debug|x86.ActiveCfg = Debug|Win32
		{C2028AAE-85B1-44BF-A359-D051A6C1E677}.Debug|x86.Build.0 = Debug|Win32
		{C2028AAE-85B1-44BF-A359-D051A6C1E677}.Release_ENG|x64.ActiveCfg = Release_ENG|Win32
		{C2028AAE-85B1-44BF-A359-D051A6C1E677}.Release_ENG|x64.Build.0 = Release_ENG|Win32
		{C2028AAE-85B1-44BF-A359-D051A6C1E677}.Release_ENG|x86.ActiveCfg = Release_ENG|Win32
		{C2028AAE-85B1-44BF-A359-D051A6C1E677}.Release_ENG|x86.Build.0 = Release_ENG|Win32
		{C2028AAE-85B1-44BF-A359-D051A6C1E677}.Release|x64.ActiveCfg = Release|Win32
		{C2028AAE-85B1-44BF-A359-D051A6C1E677}.Release|x64.Build.0 = Release|Win32
		{C2028AAE-85B1-44BF-A359-D051A6C1E677}.Release|x86.ActiveCfg = Release|Win32
		{C2028AAE-85B1-44BF-A359-D051A6C1E677}.Release|x86.Build.0 = Release|Win32
		{14ADDCD3-28E2-47E4-811A-93E0365766F8}.Debug_ENG|x64.ActiveCfg = Debug_ENG|x64
		{14ADDCD3-28E2-47E4-811A-93E0365766F8}.Debug_ENG|x64.Build.0 = Debug_ENG|x64
		{14ADDCD3-28E2-47E4-811A-93E0365766F8}.Debug_ENG|x86.ActiveCfg = Debug_ENG|Win32
		{14ADDCD3-28E2-47E4-811A-93E0365766F8}.Debug_ENG|x86.Build.0 = Debug_ENG|Win32
		{14ADDCD3-28E2-47E4-811A-93E0365766F8}.Debug|x64.ActiveCfg = Debug|x64
		{14ADDCD3-28E2-47E4-811A-93E0365766F8}.Debug|x64.Build.0 = Debug|x64
		{14ADDCD3-28E2-47E4-811A-93E0365766F8}.Debug|x86.ActiveCfg = Debug|Win32
		{14ADDCD3-28E2-47E4-811A-93E0365766F8}.Debug|x86.Build.0 = Debug|Win32
		{14ADDCD3-28E2-47E4-811A-93E0365766F8}.Release_ENG|x64.ActiveCfg = Release_ENG|x64
		{14ADDCD3-28E2-47E4-811A-93E0365766F8}.Release_ENG|x64.Build.0 = Release_ENG|x64
		{14ADDCD3-28E2-47E4-811A-93E0365766F8}.Release_ENG|x86.ActiveCfg = Release_ENG|Win32
		{14ADDCD3-28E2-47E4-811A-93E0365766F8}.Release_ENG|x86.Build.0 = Release_ENG|Win32
		{14ADDCD3-28E2-47E4-811A-93E0365766F8}.Release|x64.ActiveCfg = Release|x64
		{14ADDCD3-28E2-47E4-811A-93E0365766F8}.Release|x64.Build.0 = Release|x64
		{14ADDCD3-28E2-47E4-811A-93E0365766F8}.Release|x86.ActiveCfg = Release|Win32
		{14ADDCD3-28E2-47E4-811A-93E0365766F8}.Release|x86.Build.0 = Release|Win32
		{0830E337-FE46-4774-8A07-A9A857E86B55}.Debug_ENG|x64.ActiveCfg = Debug_ENG|Win32
		{0830E337-FE46-4774-8A07-A9A857E86B55}.Debug_ENG|x64.Build.0 = Debug_ENG|Win32
		{0830E337-FE46-4774-8A07-A9A857E86B55}.Debug_ENG|x86.ActiveCfg = Debug_ENG|Win32
		{0830E337-FE46-4774-8A07-A9A857E86B55}.Debug_ENG|x86.Build.0 = Debug_ENG|Win32
		{0830E337-FE46-4774-8A07-A9A857E86B55}.Debug|x64.ActiveCfg = Debug|Win32
		{0830E337-FE46-4774-8A07-A9A857E86B55}.Debug|x64.Build.0 = Debug|Win32
		{0830E337-FE46-4774-8A07-A9A857E86B55}.Debug|x86.ActiveCfg = Debug|Win32
		{0830E337-FE46-4774-8A07-A9A857E86B55}.Debug|x86.Build.0 = Debug|Win32
		{0830E337-FE46-4774-8A07-A9A857E86B55}.Release_ENG|x64.ActiveCfg = Release_ENG|Win32
		{0830E337-FE46-4774-8A07-A9A857E86B55}.Release_ENG|x64.Build.0 = Release_ENG|Win32
		{0830E337-FE46-4774-8A07-A9A857E86B55}.Release_ENG|x86.ActiveCfg = Release_ENG|Win32
		{0830E337-FE46-4774-8A07-A9A857E86B55}.Release_ENG|x86.Build.0 = Release_ENG|Win32
		{0830E337-FE46-4774-8A07-A9A857E86B55}.Release|x64.ActiveCfg = Release|Win32
		{0830E337-FE46-4774-8A07-A9A857E86B55}.Release|x64.Build.0 = Release|Win32
		{0830E337-FE46-4774-8A07-A9A857E86B55}.Release|x86.ActiveCfg = Release|x64
		{0830E337-FE46-4774-8A07-A9A857E86B55}.Release|x86.Build.0 = Release|x64
	EndGlobalSection
	GlobalSection(SolutionProperties) = preSolution
		HideSolutionNode = FALSE
	EndGlobalSection
EndGlobal
